
Microsoft Visual Studio Solution File, Format Version 12.00
# Visual Studio Version 17
VisualStudioVersion = 17.4.33122.133
MinimumVisualStudioVersion = 10.0.40219.1
Project("{8BC9CEB8-8B4A-11D0-8D11-00A0C91BC942}") = "String", "String\String.vcxproj", "{1BB54FDC-53DC-4684-AC99-3A27C96C2FEE}"
EndProject
Global
	GlobalSection(SolutionConfigurationPlatforms) = preSolution
		Debug|x64 = Debug|x64
		Debug|x86 = Debug|x86
		Release|x64 = Release|x64
		Release|x86 = Release|x86
	EndGlobalSection
	GlobalSection(ProjectConfigurationPlatforms) = postSolution
		{1BB54FDC-53DC-4684-AC99-3A27C96C2FEE}.Debug|x64.ActiveCfg = Debug|x64
		{1BB54FDC-53DC-4684-AC99-3A27C96C2FEE}.Debug|x64.Build.0 = Debug|x64
		{1BB54FDC-53DC-4684-AC99-3A27C96C2FEE}.Debug|x86.ActiveCfg = Debug|Win32
		{1BB54FDC-53DC-4684-AC99-3A27C96C2FEE}.Debug|x86.Build.0 = Debug|Win32
		{1BB54FDC-53DC-4684-AC99-3A27C96C2FEE}.Release|x64.ActiveCfg = Release|x64
		{1BB54FDC-53DC-4684-AC99-3A27C96C2FEE}.Release|x64.Build.0 = Release|x64
		{1BB54FDC-53DC-4684-AC99-3A27C96C2FEE}.Release|x86.ActiveCfg = Release|Win32
		{1BB54FDC-53DC-4684-AC99-3A27C96C2FEE}.Release|x86.Build.0 = Release|Win32
	EndGlobalSection
	GlobalSection(SolutionProperties) = preSolution
		HideSolutionNode = FALSE
	EndGlobalSection
	GlobalSection(ExtensibilityGlobals) = postSolution
		SolutionGuid = {AEA92AE6-E9E4-49F8-9B36-591B13C2B6FB}
	EndGlobalSection
EndGlobal
